
Microsoft Visual Studio Solution File, Format Version 12.00
# Visual Studio Version 16
VisualStudioVersion = 16.0.35826.135
MinimumVisualStudioVersion = 10.0.40219.1
Project("{FAE04EC0-301F-11D3-BF4B-00C04F79EFBC}") = "AzureIOTWebApp", "AzureIOTWebApp.csproj", "{7A2437B1-C8D3-4D13-B44B-A580A13A465B}"
EndProject
Global
	GlobalSection(SolutionConfigurationPlatforms) = preSolution
		Debug|Any CPU = Debug|Any CPU
		Release|Any CPU = Release|Any CPU
	EndGlobalSection
	GlobalSection(ProjectConfigurationPlatforms) = postSolution
		{7A2437B1-C8D3-4D13-B44B-A580A13A465B}.Debug|Any CPU.ActiveCfg = Debug|Any CPU
		{7A2437B1-C8D3-4D13-B44B-A580A13A465B}.Debug|Any CPU.Build.0 = Debug|Any CPU
		{7A2437B1-C8D3-4D13-B44B-A580A13A465B}.Release|Any CPU.ActiveCfg = Release|Any CPU
		{7A2437B1-C8D3-4D13-B44B-A580A13A465B}.Release|Any CPU.Build.0 = Release|Any CPU
	EndGlobalSection
	GlobalSection(SolutionProperties) = preSolution
		HideSolutionNode = FALSE
	EndGlobalSection
	GlobalSection(ExtensibilityGlobals) = postSolution
		SolutionGuid = {2A3BBE5B-F9B1-47FE-AED8-29E73958FC5B}
	EndGlobalSection
EndGlobal
